Microsoft Visual Studio Solution File, Format Version 12.00
# Visual Studio Version 17
VisualStudioVersion = 17.5.2.0
MinimumVisualStudioVersion = 10.0.40219.1
Project("{FAE04EC0-301F-11D3-BF4B-00C04F79EFBC}") = "ConsultaCEP", "ConsultaCEP.csproj", "{5DB19827-ABFD-D0AE-8F56-22530FE5FF0F}"
EndProject
Global
	GlobalSection(SolutionConfigurationPlatforms) = preSolution
		Debug|Any CPU = Debug|Any CPU
		Release|Any CPU = Release|Any CPU
	EndGlobalSection
	GlobalSection(ProjectConfigurationPlatforms) = postSolution
		{5DB19827-ABFD-D0AE-8F56-22530FE5FF0F}.Debug|Any CPU.ActiveCfg = Debug|Any CPU
		{5DB19827-ABFD-D0AE-8F56-22530FE5FF0F}.Debug|Any CPU.Build.0 = Debug|Any CPU
		{5DB19827-ABFD-D0AE-8F56-22530FE5FF0F}.Release|Any CPU.ActiveCfg = Release|Any CPU
		{5DB19827-ABFD-D0AE-8F56-22530FE5FF0F}.Release|Any CPU.Build.0 = Release|Any CPU
	EndGlobalSection
	GlobalSection(SolutionProperties) = preSolution
		HideSolutionNode = FALSE
	EndGlobalSection
	GlobalSection(ExtensibilityGlobals) = postSolution
		SolutionGuid = {EE3301D4-A4A9-47A7-B692-9EB29E017F34}
	EndGlobalSection
EndGlobal
